
Microsoft Visual Studio Solution File, Format Version 12.00
# Visual Studio Version 17
VisualStudioVersion = 17.5.002.0
MinimumVisualStudioVersion = 10.0.40219.1
Project("{9A19103F-16F7-4668-BE54-9A1E7A4F7556}") = "fibonacciEstagio", "fibonacciEstagio.csproj", "{39BA801F-8F65-4D1A-9DC7-649F95A852B6}"
EndProject
Global
	GlobalSection(SolutionConfigurationPlatforms) = preSolution
		Debug|Any CPU = Debug|Any CPU
		Release|Any CPU = Release|Any CPU
	EndGlobalSection
	GlobalSection(ProjectConfigurationPlatforms) = postSolution
		{39BA801F-8F65-4D1A-9DC7-649F95A852B6}.Debug|Any CPU.ActiveCfg = Debug|Any CPU
		{39BA801F-8F65-4D1A-9DC7-649F95A852B6}.Debug|Any CPU.Build.0 = Debug|Any CPU
		{39BA801F-8F65-4D1A-9DC7-649F95A852B6}.Release|Any CPU.ActiveCfg = Release|Any CPU
		{39BA801F-8F65-4D1A-9DC7-649F95A852B6}.Release|Any CPU.Build.0 = Release|Any CPU
	EndGlobalSection
	GlobalSection(SolutionProperties) = preSolution
		HideSolutionNode = FALSE
	EndGlobalSection
	GlobalSection(ExtensibilityGlobals) = postSolution
		SolutionGuid = {C4DC7F92-EAD6-4A30-956C-30464B39B2B3}
	EndGlobalSection
EndGlobal
